
Microsoft Visual Studio Solution File, Format Version 12.00
# Visual Studio Version 17
VisualStudioVersion = 17.0.31903.59
MinimumVisualStudioVersion = 10.0.40219.1
Project("{FAE04EC0-301F-11D3-BF4B-00C04F79EFBC}") = "StudentApp", "StudentApp\StudentApp.csproj", "{6E268CB8-1C89-487D-A3A5-341034898942}"
EndProject
Project("{FAE04EC0-301F-11D3-BF4B-00C04F79EFBC}") = "StudentLibrary", "StudentLibrary\StudentLibrary.csproj", "{F7ADA704-DD6F-44C4-998C-491EC0C18D5C}"
EndProject
Global
	GlobalSection(SolutionConfigurationPlatforms) = preSolution
		Debug|Any CPU = Debug|Any CPU
		Release|Any CPU = Release|Any CPU
	EndGlobalSection
	GlobalSection(SolutionProperties) = preSolution
		HideSolutionNode = FALSE
	EndGlobalSection
	GlobalSection(ProjectConfigurationPlatforms) = postSolution
		{6E268CB8-1C89-487D-A3A5-341034898942}.Debug|Any CPU.ActiveCfg = Debug|Any CPU
		{6E268CB8-1C89-487D-A3A5-341034898942}.Debug|Any CPU.Build.0 = Debug|Any CPU
		{6E268CB8-1C89-487D-A3A5-341034898942}.Release|Any CPU.ActiveCfg = Release|Any CPU
		{6E268CB8-1C89-487D-A3A5-341034898942}.Release|Any CPU.Build.0 = Release|Any CPU
		{F7ADA704-DD6F-44C4-998C-491EC0C18D5C}.Debug|Any CPU.ActiveCfg = Debug|Any CPU
		{F7ADA704-DD6F-44C4-998C-491EC0C18D5C}.Debug|Any CPU.Build.0 = Debug|Any CPU
		{F7ADA704-DD6F-44C4-998C-491EC0C18D5C}.Release|Any CPU.ActiveCfg = Release|Any CPU
		{F7ADA704-DD6F-44C4-998C-491EC0C18D5C}.Release|Any CPU.Build.0 = Release|Any CPU
	EndGlobalSection
EndGlobal
