
Microsoft Visual Studio Solution File, Format Version 12.00
# Visual Studio Version 17
VisualStudioVersion = 17.0.31903.59
MinimumVisualStudioVersion = 10.0.40219.1
Project("{FAE04EC0-301F-11D3-BF4B-00C04F79EFBC}") = "ExpenseTrackerApp", "ExpenseTrackerApp\ExpenseTrackerApp.csproj", "{CA63A7A9-FB30-4508-AAE3-99EFA07F54E0}"
EndProject
Project("{FAE04EC0-301F-11D3-BF4B-00C04F79EFBC}") = "ExpenseLibrary", "ExpenseLibrary\ExpenseLibrary.csproj", "{22074B1D-3BF0-4822-BCA3-8C5F0D8F7597}"
EndProject
Global
	GlobalSection(SolutionConfigurationPlatforms) = preSolution
		Debug|Any CPU = Debug|Any CPU
		Release|Any CPU = Release|Any CPU
	EndGlobalSection
	GlobalSection(SolutionProperties) = preSolution
		HideSolutionNode = FALSE
	EndGlobalSection
	GlobalSection(ProjectConfigurationPlatforms) = postSolution
		{CA63A7A9-FB30-4508-AAE3-99EFA07F54E0}.Debug|Any CPU.ActiveCfg = Debug|Any CPU
		{CA63A7A9-FB30-4508-AAE3-99EFA07F54E0}.Debug|Any CPU.Build.0 = Debug|Any CPU
		{CA63A7A9-FB30-4508-AAE3-99EFA07F54E0}.Release|Any CPU.ActiveCfg = Release|Any CPU
		{CA63A7A9-FB30-4508-AAE3-99EFA07F54E0}.Release|Any CPU.Build.0 = Release|Any CPU
		{22074B1D-3BF0-4822-BCA3-8C5F0D8F7597}.Debug|Any CPU.ActiveCfg = Debug|Any CPU
		{22074B1D-3BF0-4822-BCA3-8C5F0D8F7597}.Debug|Any CPU.Build.0 = Debug|Any CPU
		{22074B1D-3BF0-4822-BCA3-8C5F0D8F7597}.Release|Any CPU.ActiveCfg = Release|Any CPU
		{22074B1D-3BF0-4822-BCA3-8C5F0D8F7597}.Release|Any CPU.Build.0 = Release|Any CPU
	EndGlobalSection
EndGlobal
